
Microsoft Visual Studio Solution File, Format Version 12.00
# Visual Studio 15
VisualStudioVersion = 15.0.26124.0
MinimumVisualStudioVersion = 15.0.26124.0
Project("{FAE04EC0-301F-11D3-BF4B-00C04F79EFBC}") = "troc-game.api", "api\troc-game.api.csproj", "{FF690BFE-0E29-42B0-8F99-F416128BCBAF}"
EndProject
Project("{FAE04EC0-301F-11D3-BF4B-00C04F79EFBC}") = "troc-game.domain", "domain\troc-game.domain.csproj", "{33CFB61C-BE28-4E93-9DA3-645AA1D2D0D2}"
EndProject
Project("{FAE04EC0-301F-11D3-BF4B-00C04F79EFBC}") = "troc-game.shared", "shared\troc-game.shared.csproj", "{8088FD28-7BC6-4BE1-A4C8-697B344EBE6B}"
EndProject
Project("{FAE04EC0-301F-11D3-BF4B-00C04F79EFBC}") = "troc-game.infra", "infra\troc-game.infra.csproj", "{A6B1D58F-7092-4164-A7FF-21A33CF193E5}"
EndProject
Global
	GlobalSection(SolutionConfigurationPlatforms) = preSolution
		Debug|Any CPU = Debug|Any CPU
		Debug|x64 = Debug|x64
		Debug|x86 = Debug|x86
		Release|Any CPU = Release|Any CPU
		Release|x64 = Release|x64
		Release|x86 = Release|x86
	EndGlobalSection
	GlobalSection(SolutionProperties) = preSolution
		HideSolutionNode = FALSE
	EndGlobalSection
	GlobalSection(ProjectConfigurationPlatforms) = postSolution
		{FF690BFE-0E29-42B0-8F99-F416128BCBAF}.Debug|Any CPU.ActiveCfg = Debug|Any CPU
		{FF690BFE-0E29-42B0-8F99-F416128BCBAF}.Debug|Any CPU.Build.0 = Debug|Any CPU
		{FF690BFE-0E29-42B0-8F99-F416128BCBAF}.Debug|x64.ActiveCfg = Debug|Any CPU
		{FF690BFE-0E29-42B0-8F99-F416128BCBAF}.Debug|x64.Build.0 = Debug|Any CPU
		{FF690BFE-0E29-42B0-8F99-F416128BCBAF}.Debug|x86.ActiveCfg = Debug|Any CPU
		{FF690BFE-0E29-42B0-8F99-F416128BCBAF}.Debug|x86.Build.0 = Debug|Any CPU
		{FF690BFE-0E29-42B0-8F99-F416128BCBAF}.Release|Any CPU.ActiveCfg = Release|Any CPU
		{FF690BFE-0E29-42B0-8F99-F416128BCBAF}.Release|Any CPU.Build.0 = Release|Any CPU
		{FF690BFE-0E29-42B0-8F99-F416128BCBAF}.Release|x64.ActiveCfg = Release|Any CPU
		{FF690BFE-0E29-42B0-8F99-F416128BCBAF}.Release|x64.Build.0 = Release|Any CPU
		{FF690BFE-0E29-42B0-8F99-F416128BCBAF}.Release|x86.ActiveCfg = Release|Any CPU
		{FF690BFE-0E29-42B0-8F99-F416128BCBAF}.Release|x86.Build.0 = Release|Any CPU
		{33CFB61C-BE28-4E93-9DA3-645AA1D2D0D2}.Debug|Any CPU.ActiveCfg = Debug|Any CPU
		{33CFB61C-BE28-4E93-9DA3-645AA1D2D0D2}.Debug|Any CPU.Build.0 = Debug|Any CPU
		{33CFB61C-BE28-4E93-9DA3-645AA1D2D0D2}.Debug|x64.ActiveCfg = Debug|Any CPU
		{33CFB61C-BE28-4E93-9DA3-645AA1D2D0D2}.Debug|x64.Build.0 = Debug|Any CPU
		{33CFB61C-BE28-4E93-9DA3-645AA1D2D0D2}.Debug|x86.ActiveCfg = Debug|Any CPU
		{33CFB61C-BE28-4E93-9DA3-645AA1D2D0D2}.Debug|x86.Build.0 = Debug|Any CPU
		{33CFB61C-BE28-4E93-9DA3-645AA1D2D0D2}.Release|Any CPU.ActiveCfg = Release|Any CPU
		{33CFB61C-BE28-4E93-9DA3-645AA1D2D0D2}.Release|Any CPU.Build.0 = Release|Any CPU
		{33CFB61C-BE28-4E93-9DA3-645AA1D2D0D2}.Release|x64.ActiveCfg = Release|Any CPU
		{33CFB61C-BE28-4E93-9DA3-645AA1D2D0D2}.Release|x64.Build.0 = Release|Any CPU
		{33CFB61C-BE28-4E93-9DA3-645AA1D2D0D2}.Release|x86.ActiveCfg = Release|Any CPU
		{33CFB61C-BE28-4E93-9DA3-645AA1D2D0D2}.Release|x86.Build.0 = Release|Any CPU
		{8088FD28-7BC6-4BE1-A4C8-697B344EBE6B}.Debug|Any CPU.ActiveCfg = Debug|Any CPU
		{8088FD28-7BC6-4BE1-A4C8-697B344EBE6B}.Debug|Any CPU.Build.0 = Debug|Any CPU
		{8088FD28-7BC6-4BE1-A4C8-697B344EBE6B}.Debug|x64.ActiveCfg = Debug|Any CPU
		{8088FD28-7BC6-4BE1-A4C8-697B344EBE6B}.Debug|x64.Build.0 = Debug|Any CPU
		{8088FD28-7BC6-4BE1-A4C8-697B344EBE6B}.Debug|x86.ActiveCfg = Debug|Any CPU
		{8088FD28-7BC6-4BE1-A4C8-697B344EBE6B}.Debug|x86.Build.0 = Debug|Any CPU
		{8088FD28-7BC6-4BE1-A4C8-697B344EBE6B}.Release|Any CPU.ActiveCfg = Release|Any CPU
		{8088FD28-7BC6-4BE1-A4C8-697B344EBE6B}.Release|Any CPU.Build.0 = Release|Any CPU
		{8088FD28-7BC6-4BE1-A4C8-697B344EBE6B}.Release|x64.ActiveCfg = Release|Any CPU
		{8088FD28-7BC6-4BE1-A4C8-697B344EBE6B}.Release|x64.Build.0 = Release|Any CPU
		{8088FD28-7BC6-4BE1-A4C8-697B344EBE6B}.Release|x86.ActiveCfg = Release|Any CPU
		{8088FD28-7BC6-4BE1-A4C8-697B344EBE6B}.Release|x86.Build.0 = Release|Any CPU
		{A6B1D58F-7092-4164-A7FF-21A33CF193E5}.Debug|Any CPU.ActiveCfg = Debug|Any CPU
		{A6B1D58F-7092-4164-A7FF-21A33CF193E5}.Debug|Any CPU.Build.0 = Debug|Any CPU
		{A6B1D58F-7092-4164-A7FF-21A33CF193E5}.Debug|x64.ActiveCfg = Debug|Any CPU
		{A6B1D58F-7092-4164-A7FF-21A33CF193E5}.Debug|x64.Build.0 = Debug|Any CPU
		{A6B1D58F-7092-4164-A7FF-21A33CF193E5}.Debug|x86.ActiveCfg = Debug|Any CPU
		{A6B1D58F-7092-4164-A7FF-21A33CF193E5}.Debug|x86.Build.0 = Debug|Any CPU
		{A6B1D58F-7092-4164-A7FF-21A33CF193E5}.Release|Any CPU.ActiveCfg = Release|Any CPU
		{A6B1D58F-7092-4164-A7FF-21A33CF193E5}.Release|Any CPU.Build.0 = Release|Any CPU
		{A6B1D58F-7092-4164-A7FF-21A33CF193E5}.Release|x64.ActiveCfg = Release|Any CPU
		{A6B1D58F-7092-4164-A7FF-21A33CF193E5}.Release|x64.Build.0 = Release|Any CPU
		{A6B1D58F-7092-4164-A7FF-21A33CF193E5}.Release|x86.ActiveCfg = Release|Any CPU
		{A6B1D58F-7092-4164-A7FF-21A33CF193E5}.Release|x86.Build.0 = Release|Any CPU
	EndGlobalSection
EndGlobal
